
Microsoft Visual Studio Solution File, Format Version 12.00
# Visual Studio Version 17
VisualStudioVersion = 17.7.34221.43
MinimumVisualStudioVersion = 10.0.40219.1
Project("{FAE04EC0-301F-11D3-BF4B-00C04F79EFBC}") = "JogoSGE", "JogoSGE.csproj", "{8C8BD976-C2E4-41D7-8916-9AF9BE2C6891}"
EndProject
Global
	GlobalSection(SolutionConfigurationPlatforms) = preSolution
		Debug|Any CPU = Debug|Any CPU
		Release|Any CPU = Release|Any CPU
	EndGlobalSection
	GlobalSection(ProjectConfigurationPlatforms) = postSolution
		{8C8BD976-C2E4-41D7-8916-9AF9BE2C6891}.Debug|Any CPU.ActiveCfg = Debug|Any CPU
		{8C8BD976-C2E4-41D7-8916-9AF9BE2C6891}.Debug|Any CPU.Build.0 = Debug|Any CPU
		{8C8BD976-C2E4-41D7-8916-9AF9BE2C6891}.Release|Any CPU.ActiveCfg = Release|Any CPU
		{8C8BD976-C2E4-41D7-8916-9AF9BE2C6891}.Release|Any CPU.Build.0 = Release|Any CPU
	EndGlobalSection
	GlobalSection(SolutionProperties) = preSolution
		HideSolutionNode = FALSE
	EndGlobalSection
	GlobalSection(ExtensibilityGlobals) = postSolution
		SolutionGuid = {0FCEB532-59D9-43AA-B788-57D2AF5846F8}
	EndGlobalSection
EndGlobal
